
Microsoft Visual Studio Solution File, Format Version 12.00
# Visual Studio Version 16
VisualStudioVersion = 16.0.30320.27
MinimumVisualStudioVersion = 10.0.40219.1
Project("{FAE04EC0-301F-11D3-BF4B-00C04F79EFBC}") = "BilgeAdam.Data.EF", "BilgeAdam.Data.EF\BilgeAdam.Data.EF.csproj", "{A6241E32-421D-4F1B-A67E-8CA00F0F3FA4}"
EndProject
Global
	GlobalSection(SolutionConfigurationPlatforms) = preSolution
		Debug|Any CPU = Debug|Any CPU
		Release|Any CPU = Release|Any CPU
	EndGlobalSection
	GlobalSection(ProjectConfigurationPlatforms) = postSolution
		{A6241E32-421D-4F1B-A67E-8CA00F0F3FA4}.Debug|Any CPU.ActiveCfg = Debug|Any CPU
		{A6241E32-421D-4F1B-A67E-8CA00F0F3FA4}.Debug|Any CPU.Build.0 = Debug|Any CPU
		{A6241E32-421D-4F1B-A67E-8CA00F0F3FA4}.Release|Any CPU.ActiveCfg = Release|Any CPU
		{A6241E32-421D-4F1B-A67E-8CA00F0F3FA4}.Release|Any CPU.Build.0 = Release|Any CPU
	EndGlobalSection
	GlobalSection(SolutionProperties) = preSolution
		HideSolutionNode = FALSE
	EndGlobalSection
	GlobalSection(ExtensibilityGlobals) = postSolution
		SolutionGuid = {829A703A-447B-4836-A49E-6629BEB592F4}
	EndGlobalSection
EndGlobal
